# This file is automatically @generated by Poetry 1.8.3 and should not be changed by hand.

[[package]]
name = "cython"
version = "3.0.10"
description = "The Cython compiler for writing C extensions in the Python language."
optional = false
python-versions = "!=3.0.*,!=3.1.*,!=3.2.*,!=3.3.*,>=2.7"
files = [
    {file = "Cython-3.0.10-cp310-cp310-macosx_10_9_x86_64.whl", hash = "sha256:e876272548d73583e90babda94c1299537006cad7a34e515a06c51b41f8657aa"},
    {file = "Cython-3.0.10-cp310-cp310-manylinux_2_17_aarch64.manylinux2014_aarch64.whl", hash = "sha256:adc377aa33c3309191e617bf675fdbb51ca727acb9dc1aa23fc698d8121f7e23"},
    {file = "Cython-3.0.10-cp310-cp310-manylinux_2_17_x86_64.manylinux2014_x86_64.whl", hash = "sha256:401aba1869a57aba2922ccb656a6320447e55ace42709b504c2f8e8b166f46e1"},
    {file = "Cython-3.0.10-cp310-cp310-manylinux_2_5_i686.manylinux1_i686.manylinux_2_17_i686.manylinux2014_i686.whl", hash = "sha256:541fbe725d6534a90b93f8c577eb70924d664b227a4631b90a6e0506d1469591"},
    {file = "Cython-3.0.10-cp310-cp310-musllinux_1_1_aarch64.whl", hash = "sha256:86998b01f6a6d48398df8467292c7637e57f7e3a2ca68655367f13f66fed7734"},
    {file = "Cython-3.0.10-cp310-cp310-musllinux_1_1_x86_64.whl", hash = "sha256:d092c0ddba7e9e530a5c5be4ac06db8360258acc27675d1fc86294a5dc8994c5"},
    {file = "Cython-3.0.10-cp310-cp310-win32.whl", hash = "sha256:3cffb666e649dba23810732497442fb339ee67ba4e0be1f0579991e83fcc2436"},
    {file = "Cython-3.0.10-cp310-cp310-win_amd64.whl", hash = "sha256:9ea31184c7b3a728ef1f81fccb161d8948c05aa86c79f63b74fb6f3ddec860ec"},
    {file = "Cython-3.0.10-cp311-cp311-macosx_10_9_x86_64.whl", hash = "sha256:051069638abfb076900b0c2bcb6facf545655b3f429e80dd14365192074af5a4"},
    {file = "Cython-3.0.10-cp311-cp311-manylinux_2_17_aarch64.manylinux2014_aarch64.whl", hash = "sha256:712760879600907189c7d0d346851525545484e13cd8b787e94bfd293da8ccf0"},
    {file = "Cython-3.0.10-cp311-cp311-manylinux_2_17_x86_64.manylinux2014_x86_64.whl", hash = "sha256:38d40fa1324ac47c04483d151f5e092406a147eac88a18aec789cf01c089c3f2"},
    {file = "Cython-3.0.10-cp311-cp311-manylinux_2_5_i686.manylinux1_i686.manylinux_2_17_i686.manylinux2014_i686.whl", hash = "sha256:5bd49a3a9fdff65446a3e1c2bfc0ec85c6ce4c3cad27cd4ad7ba150a62b7fb59"},
    {file = "Cython-3.0.10-cp311-cp311-musllinux_1_1_aarch64.whl", hash = "sha256:e8df79b596633b8295eaa48b1157d796775c2bb078f32267d32f3001b687f2fd"},
    {file = "Cython-3.0.10-cp311-cp311-musllinux_1_1_x86_64.whl", hash = "sha256:bcc9795990e525c192bc5c0775e441d7d56d7a7d02210451e9e13c0448dba51b"},
    {file = "Cython-3.0.10-cp311-cp311-win32.whl", hash = "sha256:09f2000041db482cad3bfce94e1fa3a4c82b0e57390a164c02566cbbda8c4f12"},
    {file = "Cython-3.0.10-cp311-cp311-win_amd64.whl", hash = "sha256:3919a55ec9b6c7db6f68a004c21c05ed540c40dbe459ced5d801d5a1f326a053"},
    {file = "Cython-3.0.10-cp312-cp312-macosx_10_9_x86_64.whl", hash = "sha256:8f2864ab5fcd27a346f0b50f901ebeb8f60b25a60a575ccfd982e7f3e9674914"},
    {file = "Cython-3.0.10-cp312-cp312-manylinux_2_17_aarch64.manylinux2014_aarch64.whl", hash = "sha256:407840c56385b9c085826fe300213e0e76ba15d1d47daf4b58569078ecb94446"},
    {file = "Cython-3.0.10-cp312-cp312-manylinux_2_17_x86_64.manylinux2014_x86_64.whl", hash = "sha256:5a036d00caa73550a3a976432ef21c1e3fa12637e1616aab32caded35331ae96"},
    {file = "Cython-3.0.10-cp312-cp312-manylinux_2_5_i686.manylinux1_i686.manylinux_2_17_i686.manylinux2014_i686.whl", hash = "sha256:9cc6a0e7e23a96dec3f3c9d39690d4281beabd5297855140d0d30855f950275e"},
    {file = "Cython-3.0.10-cp312-cp312-musllinux_1_1_aarch64.whl", hash = "sha256:a5e14a8c6a8157d2b0cdc2e8e3444905d20a0e78e19d2a097e89fb8b04b51f6b"},
    {file = "Cython-3.0.10-cp312-cp312-musllinux_1_1_x86_64.whl", hash = "sha256:f8a2b8fa0fd8358bccb5f3304be563c4750aae175100463d212d5ea0ec74cbe0"},
    {file = "Cython-3.0.10-cp312-cp312-win32.whl", hash = "sha256:2d29e617fd23cf4b83afe8f93f2966566c9f565918ad1e86a4502fe825cc0a79"},
    {file = "Cython-3.0.10-cp312-cp312-win_amd64.whl", hash = "sha256:6c5af936940a38c300977b81598d9c0901158f220a58c177820e17e1774f1cf1"},
    {file = "Cython-3.0.10-cp36-cp36m-macosx_10_9_x86_64.whl", hash = "sha256:5f465443917d5c0f69825fca3b52b64c74ac3de0143b1fff6db8ba5b48c9fb4a"},
    {file = "Cython-3.0.10-cp36-cp36m-manylinux_2_17_aarch64.manylinux2014_aarch64.whl", hash = "sha256:4fadb84193c25641973666e583df8df4e27c52cdc05ddce7c6f6510d690ba34a"},
    {file = "Cython-3.0.10-cp36-cp36m-manylinux_2_17_x86_64.manylinux2014_x86_64.whl", hash = "sha256:9fa9e7786083b6aa61594c16979d621b62e61fcd9c2edd4761641b95c7fb34b2"},
    {file = "Cython-3.0.10-cp36-cp36m-manylinux_2_5_i686.manylinux1_i686.manylinux_2_17_i686.manylinux2014_i686.whl", hash = "sha256:f4780d0f98ce28191c4d841c4358b5d5e79d96520650910cd59904123821c52d"},
    {file = "Cython-3.0.10-cp36-cp36m-musllinux_1_1_aarch64.whl", hash = "sha256:32fbad02d1189be75eb96456d9c73f5548078e5338d8fa153ecb0115b6ee279f"},
    {file = "Cython-3.0.10-cp36-cp36m-musllinux_1_1_x86_64.whl", hash = "sha256:90e2f514fc753b55245351305a399463103ec18666150bb1c36779b9862388e9"},
    {file = "Cython-3.0.10-cp36-cp36m-win32.whl", hash = "sha256:a9c976e9ec429539a4367cb4b24d15a1e46b925976f4341143f49f5f161171f5"},
    {file = "Cython-3.0.10-cp36-cp36m-win_amd64.whl", hash = "sha256:a9bb402674788a7f4061aeef8057632ec440123e74ed0fb425308a59afdfa10e"},
    {file = "Cython-3.0.10-cp37-cp37m-macosx_10_9_x86_64.whl", hash = "sha256:206e803598010ecc3813db8748ed685f7beeca6c413f982df9f8a505fce56563"},
    {file = "Cython-3.0.10-cp37-cp37m-manylinux_2_17_aarch64.manylinux2014_aarch64.whl", hash = "sha256:15b6d397f4ee5ad54e373589522af37935a32863f1b23fa8c6922adf833e28e2"},
    {file = "Cython-3.0.10-cp37-cp37m-manylinux_2_17_x86_64.manylinux2014_x86_64.whl", hash = "sha256:a181144c2f893ed8e6a994d43d0b96300bc99873f21e3b7334ca26c61c37b680"},
    {file = "Cython-3.0.10-cp37-cp37m-manylinux_2_5_i686.manylinux1_i686.manylinux_2_17_i686.manylinux2014_i686.whl", hash = "sha256:b74b700d6a793113d03fb54b63bdbadba6365379424bac7c0470605672769260"},
    {file = "Cython-3.0.10-cp37-cp37m-musllinux_1_1_aarch64.whl", hash = "sha256:076e9fd4e0ca33c5fa00a7479180dbfb62f17fe928e2909f82da814536e96d2b"},
    {file = "Cython-3.0.10-cp37-cp37m-musllinux_1_1_x86_64.whl", hash = "sha256:269f06e6961e8591d56e30b46e1a51b6ccb42cab04c29fa3b30d3e8723485fb4"},
    {file = "Cython-3.0.10-cp37-cp37m-win32.whl", hash = "sha256:d4e83a8ceff7af60064da4ccfce0ac82372544dd5392f1b350c34f1b04d0fae6"},
    {file = "Cython-3.0.10-cp37-cp37m-win_amd64.whl", hash = "sha256:40fac59c3a7fbcd9c25aea64c342c890a5e2270ce64a1525e840807800167799"},
    {file = "Cython-3.0.10-cp38-cp38-macosx_10_9_x86_64.whl", hash = "sha256:f43a58bf2434870d2fc42ac2e9ff8138c9e00c6251468de279d93fa279e9ba3b"},
    {file = "Cython-3.0.10-cp38-cp38-manylinux_2_17_aarch64.manylinux2014_aarch64.whl", hash = "sha256:0e9a885ec63d3955a08cefc4eec39fefa9fe14989c6e5e2382bd4aeb6bdb9bc3"},
    {file = "Cython-3.0.10-cp38-cp38-manylinux_2_17_x86_64.manylinux2014_x86_64.whl", hash = "sha256:acfbe0fff364d54906058fc61f2393f38cd7fa07d344d80923937b87e339adcf"},
    {file = "Cython-3.0.10-cp38-cp38-manylinux_2_5_i686.manylinux1_i686.manylinux_2_17_i686.manylinux2014_i686.whl", hash = "sha256:8adcde00a8a88fab27509b558cd8c2959ab0c70c65d3814cfea8c68b83fa6dcd"},
    {file = "Cython-3.0.10-cp38-cp38-musllinux_1_1_aarch64.whl", hash = "sha256:2c9c1e3e78909488f3b16fabae02308423fa6369ed96ab1e250807d344cfffd7"},
    {file = "Cython-3.0.10-cp38-cp38-musllinux_1_1_x86_64.whl", hash = "sha256:fc6e0faf5b57523b073f0cdefadcaef3a51235d519a0594865925cadb3aeadf0"},
    {file = "Cython-3.0.10-cp38-cp38-win32.whl", hash = "sha256:35f6ede7c74024ed1982832ae61c9fad7cf60cc3f5b8c6a63bb34e38bc291936"},
    {file = "Cython-3.0.10-cp38-cp38-win_amd64.whl", hash = "sha256:950c0c7b770d2a7cec74fb6f5ccc321d0b51d151f48c075c0d0db635a60ba1b5"},
    {file = "Cython-3.0.10-cp39-cp39-macosx_10_9_x86_64.whl", hash = "sha256:077b61ee789e48700e25d4a16daa4258b8e65167136e457174df400cf9b4feab"},
    {file = "Cython-3.0.10-cp39-cp39-manylinux_2_17_aarch64.manylinux2014_aarch64.whl", hash = "sha256:64f1f8bba9d8f37c0cffc934792b4ac7c42d0891077127c11deebe9fa0a0f7e4"},
    {file = "Cython-3.0.10-cp39-cp39-manylinux_2_17_x86_64.manylinux2014_x86_64.whl", hash = "sha256:651a15a8534ebfb9b58cb0b87c269c70984b6f9c88bfe65e4f635f0e3f07dfcd"},
    {file = "Cython-3.0.10-cp39-cp39-manylinux_2_5_i686.manylinux1_i686.manylinux_2_17_i686.manylinux2014_i686.whl", hash = "sha256:d10fc9aa82e5e53a0b7fd118f9771199cddac8feb4a6d8350b7d4109085aa775"},
    {file = "Cython-3.0.10-cp39-cp39-musllinux_1_1_aarch64.whl", hash = "sha256:4f610964ab252a83e573a427e28b103e2f1dd3c23bee54f32319f9e73c3c5499"},
    {file = "Cython-3.0.10-cp39-cp39-musllinux_1_1_x86_64.whl", hash = "sha256:8c9c4c4f3ab8f8c02817b0e16e8fa7b8cc880f76e9b63fe9c010e60c1a6c2b13"},
    {file = "Cython-3.0.10-cp39-cp39-win32.whl", hash = "sha256:0bac3ccdd4e03924028220c62ae3529e17efa8ca7e9df9330de95de02f582b26"},
    {file = "Cython-3.0.10-cp39-cp39-win_amd64.whl", hash = "sha256:81f356c1c8c0885b8435bfc468025f545c5d764aa9c75ab662616dd1193c331e"},
    {file = "Cython-3.0.10-py2.py3-none-any.whl", hash = "sha256:fcbb679c0b43514d591577fd0d20021c55c240ca9ccafbdb82d3fb95e5edfee2"},
    {file = "Cython-3.0.10.tar.gz", hash = "sha256:dcc96739331fb854dcf503f94607576cfe8488066c61ca50dfd55836f132de99"},
]

[[package]]
name = "llvmlite"
version = "0.43.0"
description = "lightweight wrapper around basic LLVM functionality"
optional = false
python-versions = ">=3.9"
files = [
    {file = "llvmlite-0.43.0-cp310-cp310-macosx_10_9_x86_64.whl", hash = "sha256:a289af9a1687c6cf463478f0fa8e8aa3b6fb813317b0d70bf1ed0759eab6f761"},
    {file = "llvmlite-0.43.0-cp310-cp310-macosx_11_0_arm64.whl", hash = "sha256:6d4fd101f571a31acb1559ae1af30f30b1dc4b3186669f92ad780e17c81e91bc"},
    {file = "llvmlite-0.43.0-cp310-cp310-manylinux_2_17_aarch64.manylinux2014_aarch64.whl", hash = "sha256:7d434ec7e2ce3cc8f452d1cd9a28591745de022f931d67be688a737320dfcead"},
    {file = "llvmlite-0.43.0-cp310-cp310-manylinux_2_17_x86_64.manylinux2014_x86_64.whl", hash = "sha256:6912a87782acdff6eb8bf01675ed01d60ca1f2551f8176a300a886f09e836a6a"},
    {file = "llvmlite-0.43.0-cp310-cp310-win_amd64.whl", hash = "sha256:14f0e4bf2fd2d9a75a3534111e8ebeb08eda2f33e9bdd6dfa13282afacdde0ed"},
    {file = "llvmlite-0.43.0-cp311-cp311-macosx_10_9_x86_64.whl", hash = "sha256:3e8d0618cb9bfe40ac38a9633f2493d4d4e9fcc2f438d39a4e854f39cc0f5f98"},
    {file = "llvmlite-0.43.0-cp311-cp311-macosx_11_0_arm64.whl", hash = "sha256:e0a9a1a39d4bf3517f2af9d23d479b4175ead205c592ceeb8b89af48a327ea57"},
    {file = "llvmlite-0.43.0-cp311-cp311-manylinux_2_17_aarch64.manylinux2014_aarch64.whl", hash = "sha256:c1da416ab53e4f7f3bc8d4eeba36d801cc1894b9fbfbf2022b29b6bad34a7df2"},
    {file = "llvmlite-0.43.0-cp311-cp311-manylinux_2_17_x86_64.manylinux2014_x86_64.whl", hash = "sha256:977525a1e5f4059316b183fb4fd34fa858c9eade31f165427a3977c95e3ee749"},
    {file = "llvmlite-0.43.0-cp311-cp311-win_amd64.whl", hash = "sha256:d5bd550001d26450bd90777736c69d68c487d17bf371438f975229b2b8241a91"},
    {file = "llvmlite-0.43.0-cp312-cp312-macosx_10_9_x86_64.whl", hash = "sha256:f99b600aa7f65235a5a05d0b9a9f31150c390f31261f2a0ba678e26823ec38f7"},
    {file = "llvmlite-0.43.0-cp312-cp312-macosx_11_0_arm64.whl", hash = "sha256:35d80d61d0cda2d767f72de99450766250560399edc309da16937b93d3b676e7"},
    {file = "llvmlite-0.43.0-cp312-cp312-manylinux_2_17_aarch64.manylinux2014_aarch64.whl", hash = "sha256:eccce86bba940bae0d8d48ed925f21dbb813519169246e2ab292b5092aba121f"},
    {file = "llvmlite-0.43.0-cp312-cp312-manylinux_2_17_x86_64.manylinux2014_x86_64.whl", hash = "sha256:df6509e1507ca0760787a199d19439cc887bfd82226f5af746d6977bd9f66844"},
    {file = "llvmlite-0.43.0-cp312-cp312-win_amd64.whl", hash = "sha256:7a2872ee80dcf6b5dbdc838763d26554c2a18aa833d31a2635bff16aafefb9c9"},
    {file = "llvmlite-0.43.0-cp39-cp39-macosx_10_9_x86_64.whl", hash = "sha256:9cd2a7376f7b3367019b664c21f0c61766219faa3b03731113ead75107f3b66c"},
    {file = "llvmlite-0.43.0-cp39-cp39-macosx_11_0_arm64.whl", hash = "sha256:18e9953c748b105668487b7c81a3e97b046d8abf95c4ddc0cd3c94f4e4651ae8"},
    {file = "llvmlite-0.43.0-cp39-cp39-manylinux_2_17_aarch64.manylinux2014_aarch64.whl", hash = "sha256:74937acd22dc11b33946b67dca7680e6d103d6e90eeaaaf932603bec6fe7b03a"},
    {file = "llvmlite-0.43.0-cp39-cp39-manylinux_2_17_x86_64.manylinux2014_x86_64.whl", hash = "sha256:bc9efc739cc6ed760f795806f67889923f7274276f0eb45092a1473e40d9b867"},
    {file = "llvmlite-0.43.0-cp39-cp39-win_amd64.whl", hash = "sha256:47e147cdda9037f94b399bf03bfd8a6b6b1f2f90be94a454e3386f006455a9b4"},
    {file = "llvmlite-0.43.0.tar.gz", hash = "sha256:ae2b5b5c3ef67354824fb75517c8db5fbe93bc02cd9671f3c62271626bc041d5"},
]

[[package]]
name = "maturin"
version = "1.7.0"
description = "Build and publish crates with pyo3, cffi and uniffi bindings as well as rust binaries as python packages"
optional = false
python-versions = ">=3.7"
files = [
    {file = "maturin-1.7.0-py3-none-linux_armv6l.whl", hash = "sha256:15fe7920391a128897714f6ed38ebbc771150410b795a55cefca73f089d5aecb"},
    {file = "maturin-1.7.0-py3-none-macosx_10_12_x86_64.macosx_11_0_arm64.macosx_10_12_universal2.whl", hash = "sha256:87a1fae70f1a6ad694832c735abf9f010edc4971c5cf89d2e7a54651a1a3792a"},
    {file = "maturin-1.7.0-py3-none-macosx_10_12_x86_64.whl", hash = "sha256:6fd312c56846d3cafa7c45e362d96b526170e79b9adb5b8ea02a10c88906069c"},
    {file = "maturin-1.7.0-py3-none-manylinux_2_12_i686.manylinux2010_i686.musllinux_1_1_i686.whl", hash = "sha256:928b82ceba924b1642c53f6684271e814b5ce5049cb4d35ff36bed078837eb83"},
    {file = "maturin-1.7.0-py3-none-manylinux_2_12_x86_64.manylinux2010_x86_64.musllinux_1_1_x86_64.whl", hash = "sha256:7460122333971b2492154c102d2981ae337ae0486dde7f4df7e645d724de59a5"},
    {file = "maturin-1.7.0-py3-none-manylinux_2_17_aarch64.manylinux2014_aarch64.musllinux_1_1_aarch64.whl", hash = "sha256:1f521ebe0344db8260df0d12779aefc06c1f763cd654151cf4a238fe14f65dc1"},
    {file = "maturin-1.7.0-py3-none-manylinux_2_17_armv7l.manylinux2014_armv7l.musllinux_1_1_armv7l.whl", hash = "sha256:0af4f2a4cfb99206d414dec138dd3aac3f506eb8928b7e38dfac570461b393d6"},
    {file = "maturin-1.7.0-py3-none-manylinux_2_17_ppc64le.manylinux2014_ppc64le.musllinux_1_1_ppc64le.whl", hash = "sha256:29187d5c3e1e166c14eaadc63a8adc25b6bbb3e5b055d1bc87f6ca92b4b6e331"},
    {file = "maturin-1.7.0-py3-none-manylinux_2_17_s390x.manylinux2014_s390x.whl", hash = "sha256:e9cd5b992b6c131c5f47c85e7bc266bf5bf94f29720856678431ce6c91b726df"},
    {file = "maturin-1.7.0-py3-none-win32.whl", hash = "sha256:c1ae0b4162fb1152aea83098bf1b66a7bf6dd73fd1b108e6c4e22160118a997c"},
    {file = "maturin-1.7.0-py3-none-win_amd64.whl", hash = "sha256:2bd8227e020a9308c076253f29224c53b08b2a4ed41fcd94b4eb9349684fcfe7"},
    {file = "maturin-1.7.0-py3-none-win_arm64.whl", hash = "sha256:7c05226547778f31b73d48a19d11f57792bcc44f4047b84c73ea66cae2e62473"},
    {file = "maturin-1.7.0.tar.gz", hash = "sha256:1ba5277dd7832dc6181d69a005182b97b3520945825058484ffd9296f2efb59c"},
]

[package.extras]
patchelf = ["patchelf"]
zig = ["ziglang (>=0.10.0,<0.13.0)"]

[[package]]
name = "numba"
version = "0.60.0"
description = "compiling Python code using LLVM"
optional = false
python-versions = ">=3.9"
files = [
    {file = "numba-0.60.0-cp310-cp310-macosx_10_9_x86_64.whl", hash = "sha256:5d761de835cd38fb400d2c26bb103a2726f548dc30368853121d66201672e651"},
    {file = "numba-0.60.0-cp310-cp310-macosx_11_0_arm64.whl", hash = "sha256:159e618ef213fba758837f9837fb402bbe65326e60ba0633dbe6c7f274d42c1b"},
    {file = "numba-0.60.0-cp310-cp310-manylinux2014_aarch64.manylinux_2_17_aarch64.whl", hash = "sha256:1527dc578b95c7c4ff248792ec33d097ba6bef9eda466c948b68dfc995c25781"},
    {file = "numba-0.60.0-cp310-cp310-manylinux2014_x86_64.manylinux_2_17_x86_64.whl", hash = "sha256:fe0b28abb8d70f8160798f4de9d486143200f34458d34c4a214114e445d7124e"},
    {file = "numba-0.60.0-cp310-cp310-win_amd64.whl", hash = "sha256:19407ced081d7e2e4b8d8c36aa57b7452e0283871c296e12d798852bc7d7f198"},
    {file = "numba-0.60.0-cp311-cp311-macosx_10_9_x86_64.whl", hash = "sha256:a17b70fc9e380ee29c42717e8cc0bfaa5556c416d94f9aa96ba13acb41bdece8"},
    {file = "numba-0.60.0-cp311-cp311-macosx_11_0_arm64.whl", hash = "sha256:3fb02b344a2a80efa6f677aa5c40cd5dd452e1b35f8d1c2af0dfd9ada9978e4b"},
    {file = "numba-0.60.0-cp311-cp311-manylinux2014_aarch64.manylinux_2_17_aarch64.whl", hash = "sha256:5f4fde652ea604ea3c86508a3fb31556a6157b2c76c8b51b1d45eb40c8598703"},
    {file = "numba-0.60.0-cp311-cp311-manylinux2014_x86_64.manylinux_2_17_x86_64.whl", hash = "sha256:4142d7ac0210cc86432b818338a2bc368dc773a2f5cf1e32ff7c5b378bd63ee8"},
    {file = "numba-0.60.0-cp311-cp311-win_amd64.whl", hash = "sha256:cac02c041e9b5bc8cf8f2034ff6f0dbafccd1ae9590dc146b3a02a45e53af4e2"},
    {file = "numba-0.60.0-cp312-cp312-macosx_10_9_x86_64.whl", hash = "sha256:d7da4098db31182fc5ffe4bc42c6f24cd7d1cb8a14b59fd755bfee32e34b8404"},
    {file = "numba-0.60.0-cp312-cp312-macosx_11_0_arm64.whl", hash = "sha256:38d6ea4c1f56417076ecf8fc327c831ae793282e0ff51080c5094cb726507b1c"},
    {file = "numba-0.60.0-cp312-cp312-manylinux2014_aarch64.manylinux_2_17_aarch64.whl", hash = "sha256:62908d29fb6a3229c242e981ca27e32a6e606cc253fc9e8faeb0e48760de241e"},
    {file = "numba-0.60.0-cp312-cp312-manylinux2014_x86_64.manylinux_2_17_x86_64.whl", hash = "sha256:0ebaa91538e996f708f1ab30ef4d3ddc344b64b5227b67a57aa74f401bb68b9d"},
    {file = "numba-0.60.0-cp312-cp312-win_amd64.whl", hash = "sha256:f75262e8fe7fa96db1dca93d53a194a38c46da28b112b8a4aca168f0df860347"},
    {file = "numba-0.60.0-cp39-cp39-macosx_10_9_x86_64.whl", hash = "sha256:01ef4cd7d83abe087d644eaa3d95831b777aa21d441a23703d649e06b8e06b74"},
    {file = "numba-0.60.0-cp39-cp39-macosx_11_0_arm64.whl", hash = "sha256:819a3dfd4630d95fd574036f99e47212a1af41cbcb019bf8afac63ff56834449"},
    {file = "numba-0.60.0-cp39-cp39-manylinux2014_aarch64.manylinux_2_17_aarch64.whl", hash = "sha256:0b983bd6ad82fe868493012487f34eae8bf7dd94654951404114f23c3466d34b"},
    {file = "numba-0.60.0-cp39-cp39-manylinux2014_x86_64.manylinux_2_17_x86_64.whl", hash = "sha256:c151748cd269ddeab66334bd754817ffc0cabd9433acb0f551697e5151917d25"},
    {file = "numba-0.60.0-cp39-cp39-win_amd64.whl", hash = "sha256:3031547a015710140e8c87226b4cfe927cac199835e5bf7d4fe5cb64e814e3ab"},
    {file = "numba-0.60.0.tar.gz", hash = "sha256:5df6158e5584eece5fc83294b949fd30b9f1125df7708862205217e068aabf16"},
]

[package.dependencies]
llvmlite = "==0.43.*"
numpy = ">=1.22,<2.1"

[[package]]
name = "numpy"
version = "2.0.1"
description = "Fundamental package for array computing in Python"
optional = false
python-versions = ">=3.9"
files = [
    {file = "numpy-2.0.1-cp310-cp310-macosx_10_9_x86_64.whl", hash = "sha256:0fbb536eac80e27a2793ffd787895242b7f18ef792563d742c2d673bfcb75134"},
    {file = "numpy-2.0.1-cp310-cp310-macosx_11_0_arm64.whl", hash = "sha256:69ff563d43c69b1baba77af455dd0a839df8d25e8590e79c90fcbe1499ebde42"},
    {file = "numpy-2.0.1-cp310-cp310-macosx_14_0_arm64.whl", hash = "sha256:1b902ce0e0a5bb7704556a217c4f63a7974f8f43e090aff03fcf262e0b135e02"},
    {file = "numpy-2.0.1-cp310-cp310-macosx_14_0_x86_64.whl", hash = "sha256:f1659887361a7151f89e79b276ed8dff3d75877df906328f14d8bb40bb4f5101"},
    {file = "numpy-2.0.1-cp310-cp310-manylinux_2_17_aarch64.manylinux2014_aarch64.whl", hash = "sha256:4658c398d65d1b25e1760de3157011a80375da861709abd7cef3bad65d6543f9"},
    {file = "numpy-2.0.1-cp310-cp310-manylinux_2_17_x86_64.manylinux2014_x86_64.whl", hash = "sha256:4127d4303b9ac9f94ca0441138acead39928938660ca58329fe156f84b9f3015"},
    {file = "numpy-2.0.1-cp310-cp310-musllinux_1_1_x86_64.whl", hash = "sha256:e5eeca8067ad04bc8a2a8731183d51d7cbaac66d86085d5f4766ee6bf19c7f87"},
    {file = "numpy-2.0.1-cp310-cp310-musllinux_1_2_aarch64.whl", hash = "sha256:9adbd9bb520c866e1bfd7e10e1880a1f7749f1f6e5017686a5fbb9b72cf69f82"},
    {file = "numpy-2.0.1-cp310-cp310-win32.whl", hash = "sha256:7b9853803278db3bdcc6cd5beca37815b133e9e77ff3d4733c247414e78eb8d1"},
    {file = "numpy-2.0.1-cp310-cp310-win_amd64.whl", hash = "sha256:81b0893a39bc5b865b8bf89e9ad7807e16717f19868e9d234bdaf9b1f1393868"},
    {file = "numpy-2.0.1-cp311-cp311-macosx_10_9_x86_64.whl", hash = "sha256:75b4e316c5902d8163ef9d423b1c3f2f6252226d1aa5cd8a0a03a7d01ffc6268"},
    {file = "numpy-2.0.1-cp311-cp311-macosx_11_0_arm64.whl", hash = "sha256:6e4eeb6eb2fced786e32e6d8df9e755ce5be920d17f7ce00bc38fcde8ccdbf9e"},
    {file = "numpy-2.0.1-cp311-cp311-macosx_14_0_arm64.whl", hash = "sha256:a1e01dcaab205fbece13c1410253a9eea1b1c9b61d237b6fa59bcc46e8e89343"},
    {file = "numpy-2.0.1-cp311-cp311-macosx_14_0_x86_64.whl", hash = "sha256:a8fc2de81ad835d999113ddf87d1ea2b0f4704cbd947c948d2f5513deafe5a7b"},
    {file = "numpy-2.0.1-cp311-cp311-manylinux_2_17_aarch64.manylinux2014_aarch64.whl", hash = "sha256:5a3d94942c331dd4e0e1147f7a8699a4aa47dffc11bf8a1523c12af8b2e91bbe"},
    {file = "numpy-2.0.1-cp311-cp311-manylinux_2_17_x86_64.manylinux2014_x86_64.whl", hash = "sha256:15eb4eca47d36ec3f78cde0a3a2ee24cf05ca7396ef808dda2c0ddad7c2bde67"},
    {file = "numpy-2.0.1-cp311-cp311-musllinux_1_1_x86_64.whl", hash = "sha256:b83e16a5511d1b1f8a88cbabb1a6f6a499f82c062a4251892d9ad5d609863fb7"},
    {file = "numpy-2.0.1-cp311-cp311-musllinux_1_2_aarch64.whl", hash = "sha256:1f87fec1f9bc1efd23f4227becff04bd0e979e23ca50cc92ec88b38489db3b55"},
    {file = "numpy-2.0.1-cp311-cp311-win32.whl", hash = "sha256:36d3a9405fd7c511804dc56fc32974fa5533bdeb3cd1604d6b8ff1d292b819c4"},
    {file = "numpy-2.0.1-cp311-cp311-win_amd64.whl", hash = "sha256:08458fbf403bff5e2b45f08eda195d4b0c9b35682311da5a5a0a0925b11b9bd8"},
    {file = "numpy-2.0.1-cp312-cp312-macosx_10_9_x86_64.whl", hash = "sha256:6bf4e6f4a2a2e26655717a1983ef6324f2664d7011f6ef7482e8c0b3d51e82ac"},
    {file = "numpy-2.0.1-cp312-cp312-macosx_11_0_arm64.whl", hash = "sha256:7d6fddc5fe258d3328cd8e3d7d3e02234c5d70e01ebe377a6ab92adb14039cb4"},
    {file = "numpy-2.0.1-cp312-cp312-macosx_14_0_arm64.whl", hash = "sha256:5daab361be6ddeb299a918a7c0864fa8618af66019138263247af405018b04e1"},
    {file = "numpy-2.0.1-cp312-cp312-macosx_14_0_x86_64.whl", hash = "sha256:ea2326a4dca88e4a274ba3a4405eb6c6467d3ffbd8c7d38632502eaae3820587"},
    {file = "numpy-2.0.1-cp312-cp312-manylinux_2_17_aarch64.manylinux2014_aarch64.whl", hash = "sha256:529af13c5f4b7a932fb0e1911d3a75da204eff023ee5e0e79c1751564221a5c8"},
    {file = "numpy-2.0.1-cp312-cp312-manylinux_2_17_x86_64.manylinux2014_x86_64.whl", hash = "sha256:6790654cb13eab303d8402354fabd47472b24635700f631f041bd0b65e37298a"},
    {file = "numpy-2.0.1-cp312-cp312-musllinux_1_1_x86_64.whl", hash = "sha256:cbab9fc9c391700e3e1287666dfd82d8666d10e69a6c4a09ab97574c0b7ee0a7"},
    {file = "numpy-2.0.1-cp312-cp312-musllinux_1_2_aarch64.whl", hash = "sha256:99d0d92a5e3613c33a5f01db206a33f8fdf3d71f2912b0de1739894668b7a93b"},
    {file = "numpy-2.0.1-cp312-cp312-win32.whl", hash = "sha256:173a00b9995f73b79eb0191129f2455f1e34c203f559dd118636858cc452a1bf"},
    {file = "numpy-2.0.1-cp312-cp312-win_amd64.whl", hash = "sha256:bb2124fdc6e62baae159ebcfa368708867eb56806804d005860b6007388df171"},
    {file = "numpy-2.0.1-cp39-cp39-macosx_10_9_x86_64.whl", hash = "sha256:bfc085b28d62ff4009364e7ca34b80a9a080cbd97c2c0630bb5f7f770dae9414"},
    {file = "numpy-2.0.1-cp39-cp39-macosx_11_0_arm64.whl", hash = "sha256:8fae4ebbf95a179c1156fab0b142b74e4ba4204c87bde8d3d8b6f9c34c5825ef"},
    {file = "numpy-2.0.1-cp39-cp39-macosx_14_0_arm64.whl", hash = "sha256:72dc22e9ec8f6eaa206deb1b1355eb2e253899d7347f5e2fae5f0af613741d06"},
    {file = "numpy-2.0.1-cp39-cp39-macosx_14_0_x86_64.whl", hash = "sha256:ec87f5f8aca726117a1c9b7083e7656a9d0d606eec7299cc067bb83d26f16e0c"},
    {file = "numpy-2.0.1-cp39-cp39-manylinux_2_17_aarch64.manylinux2014_aarch64.whl", hash = "sha256:1f682ea61a88479d9498bf2091fdcd722b090724b08b31d63e022adc063bad59"},
    {file = "numpy-2.0.1-cp39-cp39-manylinux_2_17_x86_64.manylinux2014_x86_64.whl", hash = "sha256:8efc84f01c1cd7e34b3fb310183e72fcdf55293ee736d679b6d35b35d80bba26"},
    {file = "numpy-2.0.1-cp39-cp39-musllinux_1_1_x86_64.whl", hash = "sha256:3fdabe3e2a52bc4eff8dc7a5044342f8bd9f11ef0934fcd3289a788c0eb10018"},
    {file = "numpy-2.0.1-cp39-cp39-musllinux_1_2_aarch64.whl", hash = "sha256:24a0e1befbfa14615b49ba9659d3d8818a0f4d8a1c5822af8696706fbda7310c"},
    {file = "numpy-2.0.1-cp39-cp39-win32.whl", hash = "sha256:f9cf5ea551aec449206954b075db819f52adc1638d46a6738253a712d553c7b4"},
    {file = "numpy-2.0.1-cp39-cp39-win_amd64.whl", hash = "sha256:e9e81fa9017eaa416c056e5d9e71be93d05e2c3c2ab308d23307a8bc4443c368"},
    {file = "numpy-2.0.1-pp39-pypy39_pp73-macosx_10_9_x86_64.whl", hash = "sha256:61728fba1e464f789b11deb78a57805c70b2ed02343560456190d0501ba37b0f"},
    {file = "numpy-2.0.1-pp39-pypy39_pp73-macosx_14_0_x86_64.whl", hash = "sha256:12f5d865d60fb9734e60a60f1d5afa6d962d8d4467c120a1c0cda6eb2964437d"},
    {file = "numpy-2.0.1-pp39-pypy39_pp73-manylinux_2_17_x86_64.manylinux2014_x86_64.whl", hash = "sha256:eacf3291e263d5a67d8c1a581a8ebbcfd6447204ef58828caf69a5e3e8c75990"},
    {file = "numpy-2.0.1-pp39-pypy39_pp73-win_amd64.whl", hash = "sha256:2c3a346ae20cfd80b6cfd3e60dc179963ef2ea58da5ec074fd3d9e7a1e7ba97f"},
    {file = "numpy-2.0.1.tar.gz", hash = "sha256:485b87235796410c3519a699cfe1faab097e509e90ebb05dcd098db2ae87e7b3"},
]

[[package]]
name = "packaging"
version = "24.1"
description = "Core utilities for Python packages"
optional = false
python-versions = ">=3.8"
files = [
    {file = "packaging-24.1-py3-none-any.whl", hash = "sha256:5b8f2217dbdbd2f7f384c41c628544e6d52f2d0f53c6d0c3ea61aa5d1d7ff124"},
    {file = "packaging-24.1.tar.gz", hash = "sha256:026ed72c8ed3fcce5bf8950572258698927fd1dbda10a5e981cdf0ac37f4f002"},
]

[[package]]
name = "plotly"
version = "5.23.0"
description = "An open-source, interactive data visualization library for Python"
optional = false
python-versions = ">=3.8"
files = [
    {file = "plotly-5.23.0-py3-none-any.whl", hash = "sha256:76cbe78f75eddc10c56f5a4ee3e7ccaade7c0a57465546f02098c0caed6c2d1a"},
    {file = "plotly-5.23.0.tar.gz", hash = "sha256:89e57d003a116303a34de6700862391367dd564222ab71f8531df70279fc0193"},
]

[package.dependencies]
packaging = "*"
tenacity = ">=6.2.0"

[[package]]
name = "setuptools"
version = "72.1.0"
description = "Easily download, build, install, upgrade, and uninstall Python packages"
optional = false
python-versions = ">=3.8"
files = [
    {file = "setuptools-72.1.0-py3-none-any.whl", hash = "sha256:5a03e1860cf56bb6ef48ce186b0e557fdba433237481a9a625176c2831be15d1"},
    {file = "setuptools-72.1.0.tar.gz", hash = "sha256:8d243eff56d095e5817f796ede6ae32941278f542e0f941867cc05ae52b162ec"},
]

[package.extras]
core = ["importlib-metadata (>=6)", "importlib-resources (>=5.10.2)", "jaraco.text (>=3.7)", "more-itertools (>=8.8)", "ordered-set (>=3.1.1)", "packaging (>=24)", "platformdirs (>=2.6.2)", "tomli (>=2.0.1)", "wheel (>=0.43.0)"]
doc = ["furo", "jaraco.packaging (>=9.3)", "jaraco.tidelift (>=1.4)", "pygments-github-lexers (==0.0.5)", "pyproject-hooks (!=1.1)", "rst.linker (>=1.9)", "sphinx (>=3.5)", "sphinx-favicon", "sphinx-inline-tabs", "sphinx-lint", "sphinx-notfound-page (>=1,<2)", "sphinx-reredirects", "sphinxcontrib-towncrier"]
test = ["build[virtualenv] (>=1.0.3)", "filelock (>=3.4.0)", "importlib-metadata", "ini2toml[lite] (>=0.14)", "jaraco.develop (>=7.21)", "jaraco.envs (>=2.2)", "jaraco.path (>=3.2.0)", "jaraco.test", "mypy (==1.11.*)", "packaging (>=23.2)", "pip (>=19.1)", "pyproject-hooks (!=1.1)", "pytest (>=6,!=8.1.*)", "pytest-checkdocs (>=2.4)", "pytest-cov", "pytest-enabler (>=2.2)", "pytest-home (>=0.5)", "pytest-mypy", "pytest-perf", "pytest-ruff (<0.4)", "pytest-ruff (>=0.2.1)", "pytest-ruff (>=0.3.2)", "pytest-subprocess", "pytest-timeout", "pytest-xdist (>=3)", "tomli", "tomli-w (>=1.0.0)", "virtualenv (>=13.0.0)", "wheel"]

[[package]]
name = "tenacity"
version = "9.0.0"
description = "Retry code until it succeeds"
optional = false
python-versions = ">=3.8"
files = [
    {file = "tenacity-9.0.0-py3-none-any.whl", hash = "sha256:93de0c98785b27fcf659856aa9f54bfbd399e29969b0621bc7f762bd441b4539"},
    {file = "tenacity-9.0.0.tar.gz", hash = "sha256:807f37ca97d62aa361264d497b0e31e92b8027044942bfa756160d908320d73b"},
]

[package.extras]
doc = ["reno", "sphinx"]
test = ["pytest", "tornado (>=4.5)", "typeguard"]

[metadata]
lock-version = "2.0"
python-versions = "^3.12"
content-hash = "83dd7e2c5764f5d19540bf04f6b1b400841ef592f49e40b88d471e8d0c82cb37"
